
Microsoft Visual Studio Solution File, Format Version 10.00
# Visual C++ Express 2008
Project("{8BC9CEB8-8B4A-11D0-8D11-00A0C91BC942}") = "php_ssh2", "php_ssh2.vcproj", "{B60358A7-8FB7-45C0-90CF-649F78BA3BED}"
EndProject
Global
	GlobalSection(SolutionConfigurationPlatforms) = preSolution
		Debug|Win32 = Debug|Win32
		Release|Win32 = Release|Win32
	EndGlobalSection
	GlobalSection(ProjectConfigurationPlatforms) = postSolution
		{B60358A7-8FB7-45C0-90CF-649F78BA3BED}.Debug|Win32.ActiveCfg = Debug|Win32
		{B60358A7-8FB7-45C0-90CF-649F78BA3BED}.Debug|Win32.Build.0 = Debug|Win32
		{B60358A7-8FB7-45C0-90CF-649F78BA3BED}.Release|Win32.ActiveCfg = Release|Win32
		{B60358A7-8FB7-45C0-90CF-649F78BA3BED}.Release|Win32.Build.0 = Release|Win32
	EndGlobalSection
	GlobalSection(SolutionProperties) = preSolution
		HideSolutionNode = FALSE
	EndGlobalSection
EndGlobal
